// !$*UTF8*$!
{
	archiveVersion = 1;
	classes = {
	};
	objectVersion = 56;
	objects = {

/* Begin PBXBuildFile section */
		1F83F4BE2CE2D05C00B4DCB2 /* GeneralCollectionViewCell.swift in Sources */ = {isa = PBXBuildFile; fileRef = 1F83F4BD2CE2D05C00B4DCB2 /* GeneralCollectionViewCell.swift */; };
		1F83F4C22CE3217F00B4DCB2 /* NewsViewController.swift in Sources */ = {isa = PBXBuildFile; fileRef = 1F83F4C12CE3217F00B4DCB2 /* NewsViewController.swift */; };
		1F83F4C52CE56FC900B4DCB2 /* DetailsCollectionViewCell.swift in Sources */ = {isa = PBXBuildFile; fileRef = 1F83F4C42CE56FC800B4DCB2 /* DetailsCollectionViewCell.swift */; };
		1F83F4C72CE5B98600B4DCB2 /* GeneralViewModel.swift in Sources */ = {isa = PBXBuildFile; fileRef = 1F83F4C62CE5B98600B4DCB2 /* GeneralViewModel.swift */; };
		1F83F4CA2CE5C13700B4DCB2 /* NewsResponseObject.swift in Sources */ = {isa = PBXBuildFile; fileRef = 1F83F4C92CE5C13700B4DCB2 /* NewsResponseObject.swift */; };
		1F83F4CC2CE5C18700B4DCB2 /* ArticleResponseObject.swift in Sources */ = {isa = PBXBuildFile; fileRef = 1F83F4CB2CE5C18700B4DCB2 /* ArticleResponseObject.swift */; };
		1F83F4CF2CE5C33000B4DCB2 /* ArticleCellViewModel.swift in Sources */ = {isa = PBXBuildFile; fileRef = 1F83F4CE2CE5C33000B4DCB2 /* ArticleCellViewModel.swift */; };
		1F83F4D12CE5CA3C00B4DCB2 /* ApiManager.swift in Sources */ = {isa = PBXBuildFile; fileRef = 1F83F4D02CE5CA3C00B4DCB2 /* ApiManager.swift */; };
		1F83F4D42CE5DA0100B4DCB2 /* NetworkingError.swift in Sources */ = {isa = PBXBuildFile; fileRef = 1F83F4D32CE5DA0100B4DCB2 /* NetworkingError.swift */; };
		1F8729F72CE8351F006ADC7F /* NewsViewModel.swift in Sources */ = {isa = PBXBuildFile; fileRef = 1F8729F62CE8351F006ADC7F /* NewsViewModel.swift */; };
		1F8729F92CE8676A006ADC7F /* BusinessViewModel.swift in Sources */ = {isa = PBXBuildFile; fileRef = 1F8729F82CE8676A006ADC7F /* BusinessViewModel.swift */; };
		1FE199342CE1DC6E001D81EC /* AppDelegate.swift in Sources */ = {isa = PBXBuildFile; fileRef = 1FE199332CE1DC6E001D81EC /* AppDelegate.swift */; };
		1FE199382CE1DC6E001D81EC /* GeneralViewController.swift in Sources */ = {isa = PBXBuildFile; fileRef = 1FE199372CE1DC6E001D81EC /* GeneralViewController.swift */; };
		1FE1993D2CE1DC79001D81EC /* Assets.xcassets in Resources */ = {isa = PBXBuildFile; fileRef = 1FE1993C2CE1DC79001D81EC /* Assets.xcassets */; };
		1FE199402CE1DC79001D81EC /* LaunchScreen.storyboard in Resources */ = {isa = PBXBuildFile; fileRef = 1FE1993E2CE1DC79001D81EC /* LaunchScreen.storyboard */; };
		1FE199482CE1E26B001D81EC /* TabBarController.swift in Sources */ = {isa = PBXBuildFile; fileRef = 1FE199472CE1E26B001D81EC /* TabBarController.swift */; };
		1FE1994A2CE1E568001D81EC /* BusinessViewController.swift in Sources */ = {isa = PBXBuildFile; fileRef = 1FE199492CE1E568001D81EC /* BusinessViewController.swift */; };
		1FE1994C2CE1E579001D81EC /* TechnologyViewController.swift in Sources */ = {isa = PBXBuildFile; fileRef = 1FE1994B2CE1E579001D81EC /* TechnologyViewController.swift */; };
		1FE1994F2CE2C3FD001D81EC /* SnapKit in Frameworks */ = {isa = PBXBuildFile; productRef = 1FE1994E2CE2C3FD001D81EC /* SnapKit */; };
		1FE199512CE2C3FD001D81EC /* SnapKit-Dynamic in Frameworks */ = {isa = PBXBuildFile; productRef = 1FE199502CE2C3FD001D81EC /* SnapKit-Dynamic */; };
/* End PBXBuildFile section */

/* Begin PBXFileReference section */
		1F83F4BD2CE2D05C00B4DCB2 /* GeneralCollectionViewCell.swift */ = {isa = PBXFileReference; lastKnownFileType = sourcecode.swift; path = GeneralCollectionViewCell.swift; sourceTree = "<group>"; };
		1F83F4C12CE3217F00B4DCB2 /* NewsViewController.swift */ = {isa = PBXFileReference; lastKnownFileType = sourcecode.swift; path = NewsViewController.swift; sourceTree = "<group>"; };
		1F83F4C42CE56FC800B4DCB2 /* DetailsCollectionViewCell.swift */ = {isa = PBXFileReference; lastKnownFileType = sourcecode.swift; path = DetailsCollectionViewCell.swift; sourceTree = "<group>"; };
		1F83F4C62CE5B98600B4DCB2 /* GeneralViewModel.swift */ = {isa = PBXFileReference; lastKnownFileType = sourcecode.swift; path = GeneralViewModel.swift; sourceTree = "<group>"; };
		1F83F4C92CE5C13700B4DCB2 /* NewsResponseObject.swift */ = {isa = PBXFileReference; lastKnownFileType = sourcecode.swift; path = NewsResponseObject.swift; sourceTree = "<group>"; };
		1F83F4CB2CE5C18700B4DCB2 /* ArticleResponseObject.swift */ = {isa = PBXFileReference; lastKnownFileType = sourcecode.swift; path = ArticleResponseObject.swift; sourceTree = "<group>"; };
		1F83F4CE2CE5C33000B4DCB2 /* ArticleCellViewModel.swift */ = {isa = PBXFileReference; lastKnownFileType = sourcecode.swift; path = ArticleCellViewModel.swift; sourceTree = "<group>"; };
		1F83F4D02CE5CA3C00B4DCB2 /* ApiManager.swift */ = {isa = PBXFileReference; lastKnownFileType = sourcecode.swift; path = ApiManager.swift; sourceTree = "<group>"; };
		1F83F4D32CE5DA0100B4DCB2 /* NetworkingError.swift */ = {isa = PBXFileReference; lastKnownFileType = sourcecode.swift; path = NetworkingError.swift; sourceTree = "<group>"; };
		1F8729F62CE8351F006ADC7F /* NewsViewModel.swift */ = {isa = PBXFileReference; lastKnownFileType = sourcecode.swift; path = NewsViewModel.swift; sourceTree = "<group>"; };
		1F8729F82CE8676A006ADC7F /* BusinessViewModel.swift */ = {isa = PBXFileReference; lastKnownFileType = sourcecode.swift; path = BusinessViewModel.swift; sourceTree = "<group>"; };
		1FE199302CE1DC6E001D81EC /* NewsApp.app */ = {isa = PBXFileReference; explicitFileType = wrapper.application; includeInIndex = 0; path = NewsApp.app; sourceTree = BUILT_PRODUCTS_DIR; };
		1FE199332CE1DC6E001D81EC /* AppDelegate.swift */ = {isa = PBXFileReference; lastKnownFileType = sourcecode.swift; path = AppDelegate.swift; sourceTree = "<group>"; };
		1FE199372CE1DC6E001D81EC /* GeneralViewController.swift */ = {isa = PBXFileReference; lastKnownFileType = sourcecode.swift; path = GeneralViewController.swift; sourceTree = "<group>"; };
		1FE1993C2CE1DC79001D81EC /* Assets.xcassets */ = {isa = PBXFileReference; lastKnownFileType = folder.assetcatalog; path = Assets.xcassets; sourceTree = "<group>"; };
		1FE1993F2CE1DC79001D81EC /* Base */ = {isa = PBXFileReference; lastKnownFileType = file.storyboard; name = Base; path = Base.lproj/LaunchScreen.storyboard; sourceTree = "<group>"; };
		1FE199412CE1DC79001D81EC /* Info.plist */ = {isa = PBXFileReference; lastKnownFileType = text.plist.xml; path = Info.plist; sourceTree = "<group>"; };
		1FE199472CE1E26B001D81EC /* TabBarController.swift */ = {isa = PBXFileReference; lastKnownFileType = sourcecode.swift; path = TabBarController.swift; sourceTree = "<group>"; };
		1FE199492CE1E568001D81EC /* BusinessViewController.swift */ = {isa = PBXFileReference; lastKnownFileType = sourcecode.swift; path = BusinessViewController.swift; sourceTree = "<group>"; };
		1FE1994B2CE1E579001D81EC /* TechnologyViewController.swift */ = {isa = PBXFileReference; lastKnownFileType = sourcecode.swift; path = TechnologyViewController.swift; sourceTree = "<group>"; };
/* End PBXFileReference section */

/* Begin PBXFrameworksBuildPhase section */
		1FE1992D2CE1DC6E001D81EC /* Frameworks */ = {
			isa = PBXFrameworksBuildPhase;
			buildActionMask = 2147483647;
			files = (
				1FE1994F2CE2C3FD001D81EC /* SnapKit in Frameworks */,
				1FE199512CE2C3FD001D81EC /* SnapKit-Dynamic in Frameworks */,
			);
			runOnlyForDeploymentPostprocessing = 0;
		};
/* End PBXFrameworksBuildPhase section */

/* Begin PBXGroup section */
		1F83F4BB2CE2D01300B4DCB2 /* Technology */ = {
			isa = PBXGroup;
			children = (
				1FE1994B2CE1E579001D81EC /* TechnologyViewController.swift */,
			);
			path = Technology;
			sourceTree = "<group>";
		};
		1F83F4BC2CE2D03C00B4DCB2 /* View */ = {
			isa = PBXGroup;
			children = (
				1FE199372CE1DC6E001D81EC /* GeneralViewController.swift */,
				1F83F4BD2CE2D05C00B4DCB2 /* GeneralCollectionViewCell.swift */,
			);
			path = View;
			sourceTree = "<group>";
		};
		1F83F4C32CE56C5500B4DCB2 /* News */ = {
			isa = PBXGroup;
			children = (
				1F83F4C12CE3217F00B4DCB2 /* NewsViewController.swift */,
				1F8729F62CE8351F006ADC7F /* NewsViewModel.swift */,
			);
			path = News;
			sourceTree = "<group>";
		};
		1F83F4C82CE5B99000B4DCB2 /* ViewModel */ = {
			isa = PBXGroup;
			children = (
				1F83F4C62CE5B98600B4DCB2 /* GeneralViewModel.swift */,
				1F83F4CE2CE5C33000B4DCB2 /* ArticleCellViewModel.swift */,
			);
			path = ViewModel;
			sourceTree = "<group>";
		};
		1F83F4CD2CE5C1E400B4DCB2 /* Model */ = {
			isa = PBXGroup;
			children = (
				1F83F4C92CE5C13700B4DCB2 /* NewsResponseObject.swift */,
				1F83F4CB2CE5C18700B4DCB2 /* ArticleResponseObject.swift */,
			);
			path = Model;
			sourceTree = "<group>";
		};
		1F83F4D22CE5CAB800B4DCB2 /* Networking */ = {
			isa = PBXGroup;
			children = (
				1F83F4D02CE5CA3C00B4DCB2 /* ApiManager.swift */,
				1F83F4D32CE5DA0100B4DCB2 /* NetworkingError.swift */,
			);
			path = Networking;
			sourceTree = "<group>";
		};
		1FE199272CE1DC6E001D81EC = {
			isa = PBXGroup;
			children = (
				1FE199322CE1DC6E001D81EC /* NewsApp */,
				1FE199312CE1DC6E001D81EC /* Products */,
			);
			sourceTree = "<group>";
		};
		1FE199312CE1DC6E001D81EC /* Products */ = {
			isa = PBXGroup;
			children = (
				1FE199302CE1DC6E001D81EC /* NewsApp.app */,
			);
			name = Products;
			sourceTree = "<group>";
		};
		1FE199322CE1DC6E001D81EC /* NewsApp */ = {
			isa = PBXGroup;
			children = (
				1FE199332CE1DC6E001D81EC /* AppDelegate.swift */,
				1FE199472CE1E26B001D81EC /* TabBarController.swift */,
				1F83F4D22CE5CAB800B4DCB2 /* Networking */,
				1FE199522CE2CF73001D81EC /* General */,
				1FE199532CE2CF81001D81EC /* Business */,
				1F83F4BB2CE2D01300B4DCB2 /* Technology */,
				1F83F4C32CE56C5500B4DCB2 /* News */,
				1FE1993C2CE1DC79001D81EC /* Assets.xcassets */,
				1FE1993E2CE1DC79001D81EC /* LaunchScreen.storyboard */,
				1FE199412CE1DC79001D81EC /* Info.plist */,
			);
			path = NewsApp;
			sourceTree = "<group>";
		};
		1FE199522CE2CF73001D81EC /* General */ = {
			isa = PBXGroup;
			children = (
				1F83F4BC2CE2D03C00B4DCB2 /* View */,
				1F83F4C82CE5B99000B4DCB2 /* ViewModel */,
				1F83F4CD2CE5C1E400B4DCB2 /* Model */,
			);
			path = General;
			sourceTree = "<group>";
		};
		1FE199532CE2CF81001D81EC /* Business */ = {
			isa = PBXGroup;
			children = (
				1FE199492CE1E568001D81EC /* BusinessViewController.swift */,
				1F83F4C42CE56FC800B4DCB2 /* DetailsCollectionViewCell.swift */,
				1F8729F82CE8676A006ADC7F /* BusinessViewModel.swift */,
			);
			path = Business;
			sourceTree = "<group>";
		};
/* End PBXGroup section */

/* Begin PBXNativeTarget section */
		1FE1992F2CE1DC6E001D81EC /* NewsApp */ = {
			isa = PBXNativeTarget;
			buildConfigurationList = 1FE199442CE1DC79001D81EC /* Build configuration list for PBXNativeTarget "NewsApp" */;
			buildPhases = (
				1FE1992C2CE1DC6E001D81EC /* Sources */,
				1FE1992D2CE1DC6E001D81EC /* Frameworks */,
				1FE1992E2CE1DC6E001D81EC /* Resources */,
			);
			buildRules = (
			);
			dependencies = (
			);
			name = NewsApp;
			packageProductDependencies = (
				1FE1994E2CE2C3FD001D81EC /* SnapKit */,
				1FE199502CE2C3FD001D81EC /* SnapKit-Dynamic */,
			);
			productName = NewsApp;
			productReference = 1FE199302CE1DC6E001D81EC /* NewsApp.app */;
			productType = "com.apple.product-type.application";
		};
/* End PBXNativeTarget section */

/* Begin PBXProject section */
		1FE199282CE1DC6E001D81EC /* Project object */ = {
			isa = PBXProject;
			attributes = {
				BuildIndependentTargetsInParallel = 1;
				LastSwiftUpdateCheck = 1520;
				LastUpgradeCheck = 1520;
				TargetAttributes = {
					1FE1992F2CE1DC6E001D81EC = {
						CreatedOnToolsVersion = 15.2;
					};
				};
			};
			buildConfigurationList = 1FE1992B2CE1DC6E001D81EC /* Build configuration list for PBXProject "NewsApp" */;
			compatibilityVersion = "Xcode 14.0";
			developmentRegion = en;
			hasScannedForEncodings = 0;
			knownRegions = (
				en,
				Base,
			);
			mainGroup = 1FE199272CE1DC6E001D81EC;
			packageReferences = (
				1FE1994D2CE2C3FD001D81EC /* XCRemoteSwiftPackageReference "SnapKit" */,
			);
			productRefGroup = 1FE199312CE1DC6E001D81EC /* Products */;
			projectDirPath = "";
			projectRoot = "";
			targets = (
				1FE1992F2CE1DC6E001D81EC /* NewsApp */,
			);
		};
/* End PBXProject section */

/* Begin PBXResourcesBuildPhase section */
		1FE1992E2CE1DC6E001D81EC /* Resources */ = {
			isa = PBXResourcesBuildPhase;
			buildActionMask = 2147483647;
			files = (
				1FE199402CE1DC79001D81EC /* LaunchScreen.storyboard in Resources */,
				1FE1993D2CE1DC79001D81EC /* Assets.xcassets in Resources */,
			);
			runOnlyForDeploymentPostprocessing = 0;
		};
/* End PBXResourcesBuildPhase section */

/* Begin PBXSourcesBuildPhase section */
		1FE1992C2CE1DC6E001D81EC /* Sources */ = {
			isa = PBXSourcesBuildPhase;
			buildActionMask = 2147483647;
			files = (
				1F83F4CC2CE5C18700B4DCB2 /* ArticleResponseObject.swift in Sources */,
				1FE1994C2CE1E579001D81EC /* TechnologyViewController.swift in Sources */,
				1F83F4BE2CE2D05C00B4DCB2 /* GeneralCollectionViewCell.swift in Sources */,
				1FE199482CE1E26B001D81EC /* TabBarController.swift in Sources */,
				1FE199382CE1DC6E001D81EC /* GeneralViewController.swift in Sources */,
				1F83F4C22CE3217F00B4DCB2 /* NewsViewController.swift in Sources */,
				1F83F4C72CE5B98600B4DCB2 /* GeneralViewModel.swift in Sources */,
				1F8729F72CE8351F006ADC7F /* NewsViewModel.swift in Sources */,
				1F83F4CA2CE5C13700B4DCB2 /* NewsResponseObject.swift in Sources */,
				1F83F4D12CE5CA3C00B4DCB2 /* ApiManager.swift in Sources */,
				1F8729F92CE8676A006ADC7F /* BusinessViewModel.swift in Sources */,
				1FE1994A2CE1E568001D81EC /* BusinessViewController.swift in Sources */,
				1F83F4D42CE5DA0100B4DCB2 /* NetworkingError.swift in Sources */,
				1F83F4CF2CE5C33000B4DCB2 /* ArticleCellViewModel.swift in Sources */,
				1FE199342CE1DC6E001D81EC /* AppDelegate.swift in Sources */,
				1F83F4C52CE56FC900B4DCB2 /* DetailsCollectionViewCell.swift in Sources */,
			);
			runOnlyForDeploymentPostprocessing = 0;
		};
/* End PBXSourcesBuildPhase section */

/* Begin PBXVariantGroup section */
		1FE1993E2CE1DC79001D81EC /* LaunchScreen.storyboard */ = {
			isa = PBXVariantGroup;
			children = (
				1FE1993F2CE1DC79001D81EC /* Base */,
			);
			name = LaunchScreen.storyboard;
			sourceTree = "<group>";
		};
/* End PBXVariantGroup section */

/* Begin XCBuildConfiguration section */
		1FE199422CE1DC79001D81EC /* Debug */ = {
			isa = XCBuildConfiguration;
			buildSettings = {
				ALWAYS_SEARCH_USER_PATHS = NO;
				ASSETCATALOG_COMPILER_GENERATE_SWIFT_ASSET_SYMBOL_EXTENSIONS = YES;
				CLANG_ANALYZER_NONNULL = YES;
				CLANG_ANALYZER_NUMBER_OBJECT_CONVERSION = YES_AGGRESSIVE;
				CLANG_CXX_LANGUAGE_STANDARD = "gnu++20";
				CLANG_ENABLE_MODULES = YES;
				CLANG_ENABLE_OBJC_ARC = YES;
				CLANG_ENABLE_OBJC_WEAK = YES;
				CLANG_WARN_BLOCK_CAPTURE_AUTORELEASING = YES;
				CLANG_WARN_BOOL_CONVERSION = YES;
				CLANG_WARN_COMMA = YES;
				CLANG_WARN_CONSTANT_CONVERSION = YES;
				CLANG_WARN_DEPRECATED_OBJC_IMPLEMENTATIONS = YES;
				CLANG_WARN_DIRECT_OBJC_ISA_USAGE = YES_ERROR;
				CLANG_WARN_DOCUMENTATION_COMMENTS = YES;
				CLANG_WARN_EMPTY_BODY = YES;
				CLANG_WARN_ENUM_CONVERSION = YES;
				CLANG_WARN_INFINITE_RECURSION = YES;
				CLANG_WARN_INT_CONVERSION = YES;
				CLANG_WARN_NON_LITERAL_NULL_CONVERSION = YES;
				CLANG_WARN_OBJC_IMPLICIT_RETAIN_SELF = YES;
				CLANG_WARN_OBJC_LITERAL_CONVERSION = YES;
				CLANG_WARN_OBJC_ROOT_CLASS = YES_ERROR;
				CLANG_WARN_QUOTED_INCLUDE_IN_FRAMEWORK_HEADER = YES;
				CLANG_WARN_RANGE_LOOP_ANALYSIS = YES;
				CLANG_WARN_STRICT_PROTOTYPES = YES;
				CLANG_WARN_SUSPICIOUS_MOVE = YES;
				CLANG_WARN_UNGUARDED_AVAILABILITY = YES_AGGRESSIVE;
				CLANG_WARN_UNREACHABLE_CODE = YES;
				CLANG_WARN__DUPLICATE_METHOD_MATCH = YES;
				COPY_PHASE_STRIP = NO;
				DEBUG_INFORMATION_FORMAT = dwarf;
				ENABLE_STRICT_OBJC_MSGSEND = YES;
				ENABLE_TESTABILITY = YES;
				ENABLE_USER_SCRIPT_SANDBOXING = YES;
				GCC_C_LANGUAGE_STANDARD = gnu17;
				GCC_DYNAMIC_NO_PIC = NO;
				GCC_NO_COMMON_BLOCKS = YES;
				GCC_OPTIMIZATION_LEVEL = 0;
				GCC_PREPROCESSOR_DEFINITIONS = (
					"DEBUG=1",
					"$(inherited)",
				);
				GCC_WARN_64_TO_32_BIT_CONVERSION = YES;
				GCC_WARN_ABOUT_RETURN_TYPE = YES_ERROR;
				GCC_WARN_UNDECLARED_SELECTOR = YES;
				GCC_WARN_UNINITIALIZED_AUTOS = YES_AGGRESSIVE;
				GCC_WARN_UNUSED_FUNCTION = YES;
				GCC_WARN_UNUSED_VARIABLE = YES;
				IPHONEOS_DEPLOYMENT_TARGET = 17.2;
				LOCALIZATION_PREFERS_STRING_CATALOGS = YES;
				MTL_ENABLE_DEBUG_INFO = INCLUDE_SOURCE;
				MTL_FAST_MATH = YES;
				ONLY_ACTIVE_ARCH = YES;
				SDKROOT = iphoneos;
				SWIFT_ACTIVE_COMPILATION_CONDITIONS = "DEBUG $(inherited)";
				SWIFT_OPTIMIZATION_LEVEL = "-Onone";
			};
			name = Debug;
		};
		1FE199432CE1DC79001D81EC /* Release */ = {
			isa = XCBuildConfiguration;
			buildSettings = {
				ALWAYS_SEARCH_USER_PATHS = NO;
				ASSETCATALOG_COMPILER_GENERATE_SWIFT_ASSET_SYMBOL_EXTENSIONS = YES;
				CLANG_ANALYZER_NONNULL = YES;
				CLANG_ANALYZER_NUMBER_OBJECT_CONVERSION = YES_AGGRESSIVE;
				CLANG_CXX_LANGUAGE_STANDARD = "gnu++20";
				CLANG_ENABLE_MODULES = YES;
				CLANG_ENABLE_OBJC_ARC = YES;
				CLANG_ENABLE_OBJC_WEAK = YES;
				CLANG_WARN_BLOCK_CAPTURE_AUTORELEASING = YES;
				CLANG_WARN_BOOL_CONVERSION = YES;
				CLANG_WARN_COMMA = YES;
				CLANG_WARN_CONSTANT_CONVERSION = YES;
				CLANG_WARN_DEPRECATED_OBJC_IMPLEMENTATIONS = YES;
				CLANG_WARN_DIRECT_OBJC_ISA_USAGE = YES_ERROR;
				CLANG_WARN_DOCUMENTATION_COMMENTS = YES;
				CLANG_WARN_EMPTY_BODY = YES;
				CLANG_WARN_ENUM_CONVERSION = YES;
				CLANG_WARN_INFINITE_RECURSION = YES;
				CLANG_WARN_INT_CONVERSION = YES;
				CLANG_WARN_NON_LITERAL_NULL_CONVERSION = YES;
				CLANG_WARN_OBJC_IMPLICIT_RETAIN_SELF = YES;
				CLANG_WARN_OBJC_LITERAL_CONVERSION = YES;
				CLANG_WARN_OBJC_ROOT_CLASS = YES_ERROR;
				CLANG_WARN_QUOTED_INCLUDE_IN_FRAMEWORK_HEADER = YES;
				CLANG_WARN_RANGE_LOOP_ANALYSIS = YES;
				CLANG_WARN_STRICT_PROTOTYPES = YES;
				CLANG_WARN_SUSPICIOUS_MOVE = YES;
				CLANG_WARN_UNGUARDED_AVAILABILITY = YES_AGGRESSIVE;
				CLANG_WARN_UNREACHABLE_CODE = YES;
				CLANG_WARN__DUPLICATE_METHOD_MATCH = YES;
				COPY_PHASE_STRIP = NO;
				DEBUG_INFORMATION_FORMAT = "dwarf-with-dsym";
				ENABLE_NS_ASSERTIONS = NO;
				ENABLE_STRICT_OBJC_MSGSEND = YES;
				ENABLE_USER_SCRIPT_SANDBOXING = YES;
				GCC_C_LANGUAGE_STANDARD = gnu17;
				GCC_NO_COMMON_BLOCKS = YES;
				GCC_WARN_64_TO_32_BIT_CONVERSION = YES;
				GCC_WARN_ABOUT_RETURN_TYPE = YES_ERROR;
				GCC_WARN_UNDECLARED_SELECTOR = YES;
				GCC_WARN_UNINITIALIZED_AUTOS = YES_AGGRESSIVE;
				GCC_WARN_UNUSED_FUNCTION = YES;
				GCC_WARN_UNUSED_VARIABLE = YES;
				IPHONEOS_DEPLOYMENT_TARGET = 17.2;
				LOCALIZATION_PREFERS_STRING_CATALOGS = YES;
				MTL_ENABLE_DEBUG_INFO = NO;
				MTL_FAST_MATH = YES;
				SDKROOT = iphoneos;
				SWIFT_COMPILATION_MODE = wholemodule;
				VALIDATE_PRODUCT = YES;
			};
			name = Release;
		};
		1FE199452CE1DC79001D81EC /* Debug */ = {
			isa = XCBuildConfiguration;
			buildSettings = {
				ASSETCATALOG_COMPILER_APPICON_NAME = AppIcon;
				ASSETCATALOG_COMPILER_GLOBAL_ACCENT_COLOR_NAME = AccentColor;
				CODE_SIGN_STYLE = Automatic;
				CURRENT_PROJECT_VERSION = 1;
				DEVELOPMENT_TEAM = S3C9S26CW2;
				GENERATE_INFOPLIST_FILE = YES;
				INFOPLIST_FILE = NewsApp/Info.plist;
				INFOPLIST_KEY_UIApplicationSupportsIndirectInputEvents = YES;
				INFOPLIST_KEY_UILaunchStoryboardName = LaunchScreen;
				INFOPLIST_KEY_UISupportedInterfaceOrientations_iPad = "UIInterfaceOrientationPortrait UIInterfaceOrientationPortraitUpsideDown UIInterfaceOrientationLandscapeLeft UIInterfaceOrientationLandscapeRight";
				INFOPLIST_KEY_UISupportedInterfaceOrientations_iPhone = "UIInterfaceOrientationPortrait UIInterfaceOrientationLandscapeLeft UIInterfaceOrientationLandscapeRight";
				LD_RUNPATH_SEARCH_PATHS = (
					"$(inherited)",
					"@executable_path/Frameworks",
				);
				MARKETING_VERSION = 1.0;
				PRODUCT_BUNDLE_IDENTIFIER = com.liza.NewsApp;
				PRODUCT_NAME = "$(TARGET_NAME)";
				SWIFT_EMIT_LOC_STRINGS = YES;
				SWIFT_VERSION = 5.0;
				TARGETED_DEVICE_FAMILY = "1,2";
			};
			name = Debug;
		};
		1FE199462CE1DC79001D81EC /* Release */ = {
			isa = XCBuildConfiguration;
			buildSettings = {
				ASSETCATALOG_COMPILER_APPICON_NAME = AppIcon;
				ASSETCATALOG_COMPILER_GLOBAL_ACCENT_COLOR_NAME = AccentColor;
				CODE_SIGN_STYLE = Automatic;
				CURRENT_PROJECT_VERSION = 1;
				DEVELOPMENT_TEAM = S3C9S26CW2;
				GENERATE_INFOPLIST_FILE = YES;
				INFOPLIST_FILE = NewsApp/Info.plist;
				INFOPLIST_KEY_UIApplicationSupportsIndirectInputEvents = YES;
				INFOPLIST_KEY_UILaunchStoryboardName = LaunchScreen;
				INFOPLIST_KEY_UISupportedInterfaceOrientations_iPad = "UIInterfaceOrientationPortrait UIInterfaceOrientationPortraitUpsideDown UIInterfaceOrientationLandscapeLeft UIInterfaceOrientationLandscapeRight";
				INFOPLIST_KEY_UISupportedInterfaceOrientations_iPhone = "UIInterfaceOrientationPortrait UIInterfaceOrientationLandscapeLeft UIInterfaceOrientationLandscapeRight";
				LD_RUNPATH_SEARCH_PATHS = (
					"$(inherited)",
					"@executable_path/Frameworks",
				);
				MARKETING_VERSION = 1.0;
				PRODUCT_BUNDLE_IDENTIFIER = com.liza.NewsApp;
				PRODUCT_NAME = "$(TARGET_NAME)";
				SWIFT_EMIT_LOC_STRINGS = YES;
				SWIFT_VERSION = 5.0;
				TARGETED_DEVICE_FAMILY = "1,2";
			};
			name = Release;
		};
/* End XCBuildConfiguration section */

/* Begin XCConfigurationList section */
		1FE1992B2CE1DC6E001D81EC /* Build configuration list for PBXProject "NewsApp" */ = {
			isa = XCConfigurationList;
			buildConfigurations = (
				1FE199422CE1DC79001D81EC /* Debug */,
				1FE199432CE1DC79001D81EC /* Release */,
			);
			defaultConfigurationIsVisible = 0;
			defaultConfigurationName = Release;
		};
		1FE199442CE1DC79001D81EC /* Build configuration list for PBXNativeTarget "NewsApp" */ = {
			isa = XCConfigurationList;
			buildConfigurations = (
				1FE199452CE1DC79001D81EC /* Debug */,
				1FE199462CE1DC79001D81EC /* Release */,
			);
			defaultConfigurationIsVisible = 0;
			defaultConfigurationName = Release;
		};
/* End XCConfigurationList section */

/* Begin XCRemoteSwiftPackageReference section */
		1FE1994D2CE2C3FD001D81EC /* XCRemoteSwiftPackageReference "SnapKit" */ = {
			isa = XCRemoteSwiftPackageReference;
			repositoryURL = "https://github.com/SnapKit/SnapKit";
			requirement = {
				kind = upToNextMajorVersion;
				minimumVersion = 5.7.1;
			};
		};
/* End XCRemoteSwiftPackageReference section */

/* Begin XCSwiftPackageProductDependency section */
		1FE1994E2CE2C3FD001D81EC /* SnapKit */ = {
			isa = XCSwiftPackageProductDependency;
			package = 1FE1994D2CE2C3FD001D81EC /* XCRemoteSwiftPackageReference "SnapKit" */;
			productName = SnapKit;
		};
		1FE199502CE2C3FD001D81EC /* SnapKit-Dynamic */ = {
			isa = XCSwiftPackageProductDependency;
			package = 1FE1994D2CE2C3FD001D81EC /* XCRemoteSwiftPackageReference "SnapKit" */;
			productName = "SnapKit-Dynamic";
		};
/* End XCSwiftPackageProductDependency section */
	};
	rootObject = 1FE199282CE1DC6E001D81EC /* Project object */;
}
